
Microsoft Visual Studio Solution File, Format Version 12.00
# Visual Studio Version 17
VisualStudioVersion = 17.5.33402.96
MinimumVisualStudioVersion = 10.0.40219.1
Project("{FAE04EC0-301F-11D3-BF4B-00C04F79EFBC}") = "Test01", "Test01\Test01.csproj", "{CD045526-EF45-4C2D-B0C8-7710A2B8B5A0}"
EndProject
Global
	GlobalSection(SolutionConfigurationPlatforms) = preSolution
		Debug|Any CPU = Debug|Any CPU
		Release|Any CPU = Release|Any CPU
	EndGlobalSection
	GlobalSection(ProjectConfigurationPlatforms) = postSolution
		{CD045526-EF45-4C2D-B0C8-7710A2B8B5A0}.Debug|Any CPU.ActiveCfg = Debug|Any CPU
		{CD045526-EF45-4C2D-B0C8-7710A2B8B5A0}.Debug|Any CPU.Build.0 = Debug|Any CPU
		{CD045526-EF45-4C2D-B0C8-7710A2B8B5A0}.Release|Any CPU.ActiveCfg = Release|Any CPU
		{CD045526-EF45-4C2D-B0C8-7710A2B8B5A0}.Release|Any CPU.Build.0 = Release|Any CPU
	EndGlobalSection
	GlobalSection(SolutionProperties) = preSolution
		HideSolutionNode = FALSE
	EndGlobalSection
	GlobalSection(ExtensibilityGlobals) = postSolution
		SolutionGuid = {2965966F-A427-4B3C-8682-84CBD572E944}
	EndGlobalSection
EndGlobal
