
Microsoft Visual Studio Solution File, Format Version 12.00
# Visual Studio Version 17
VisualStudioVersion = 17.5.33318.248
MinimumVisualStudioVersion = 10.0.40219.1
Project("{FAE04EC0-301F-11D3-BF4B-00C04F79EFBC}") = "Convert01", "Convert01\Convert01.csproj", "{767C85A7-B60F-4179-8FCB-4E92B415C836}"
EndProject
Project("{FAE04EC0-301F-11D3-BF4B-00C04F79EFBC}") = "CANConvert", "CANConvert\CANConvert.csproj", "{EF653DD7-C6D1-45B8-B636-412C70558CF7}"
EndProject
Global
	GlobalSection(SolutionConfigurationPlatforms) = preSolution
		Debug|Any CPU = Debug|Any CPU
		Release|Any CPU = Release|Any CPU
	EndGlobalSection
	GlobalSection(ProjectConfigurationPlatforms) = postSolution
		{767C85A7-B60F-4179-8FCB-4E92B415C836}.Debug|Any CPU.ActiveCfg = Debug|Any CPU
		{767C85A7-B60F-4179-8FCB-4E92B415C836}.Debug|Any CPU.Build.0 = Debug|Any CPU
		{767C85A7-B60F-4179-8FCB-4E92B415C836}.Release|Any CPU.ActiveCfg = Release|Any CPU
		{767C85A7-B60F-4179-8FCB-4E92B415C836}.Release|Any CPU.Build.0 = Release|Any CPU
		{EF653DD7-C6D1-45B8-B636-412C70558CF7}.Debug|Any CPU.ActiveCfg = Debug|Any CPU
		{EF653DD7-C6D1-45B8-B636-412C70558CF7}.Debug|Any CPU.Build.0 = Debug|Any CPU
		{EF653DD7-C6D1-45B8-B636-412C70558CF7}.Release|Any CPU.ActiveCfg = Release|Any CPU
		{EF653DD7-C6D1-45B8-B636-412C70558CF7}.Release|Any CPU.Build.0 = Release|Any CPU
	EndGlobalSection
	GlobalSection(SolutionProperties) = preSolution
		HideSolutionNode = FALSE
	EndGlobalSection
	GlobalSection(ExtensibilityGlobals) = postSolution
		SolutionGuid = {FAC4B605-FE69-47AE-BE8C-458B079D6549}
	EndGlobalSection
EndGlobal
