<?xml version="1.0" encoding="utf-8"?>
<Project ToolsVersion="4.0" xmlns="http://schemas.microsoft.com/developer/msbuild/2003">
  <ItemGroup>
    <Filter Include="Исходные файлы">
      <UniqueIdentifier>{4FC737F1-C7A5-4376-A066-2A32D752A2FF}</UniqueIdentifier>
      <Extensions>cpp;c;cc;cxx;c++;cppm;ixx;def;odl;idl;hpj;bat;asm;asmx</Extensions>
    </Filter>
    <Filter Include="Файлы заголовков">
      <UniqueIdentifier>{93995380-89BD-4b04-88EB-625FBE52EBFB}</UniqueIdentifier>
      <Extensions>h;hh;hpp;hxx;h++;hm;inl;inc;ipp;xsd</Extensions>
    </Filter>
    <Filter Include="Файлы ресурсов">
      <UniqueIdentifier>{67DA6AB6-F800-4c08-8B7A-83BB121AAD01}</UniqueIdentifier>
      <Extensions>rc;ico;cur;bmp;dlg;rc2;rct;bin;rgs;gif;jpg;jpeg;jpe;resx;tiff;tif;png;wav;mfcribbon-ms</Extensions>
    </Filter>
    <Filter Include="Файлы заголовков\CAN">
      <UniqueIdentifier>{3372d65e-708b-4716-9bf8-1920a92fa98b}</UniqueIdentifier>
    </Filter>
    <Filter Include="Исходные файлы\Sourse">
      <UniqueIdentifier>{01759c5f-aacd-4c26-8b6f-61dbc3d08a92}</UniqueIdentifier>
    </Filter>
    <Filter Include="Исходные файлы\Sourse\CAN">
      <UniqueIdentifier>{11029f78-162f-4045-b698-2c088a445c6c}</UniqueIdentifier>
    </Filter>
  </ItemGroup>
  <ItemGroup>
    <ClCompile Include="Test01.cpp">
      <Filter>Исходные файлы</Filter>
    </ClCompile>
    <ClCompile Include="Sourse\CAN\CanBasa.cpp">
      <Filter>Исходные файлы\Sourse\CAN</Filter>
    </ClCompile>
    <ClCompile Include="Sourse\CAN\CanTask.cpp">
      <Filter>Исходные файлы\Sourse\CAN</Filter>
    </ClCompile>
    <ClCompile Include="Sourse\MyQueue.cpp">
      <Filter>Исходные файлы\Sourse</Filter>
    </ClCompile>
  </ItemGroup>
  <ItemGroup>
    <ClInclude Include="Sourse\CAN\CanBasa.h">
      <Filter>Файлы заголовков\CAN</Filter>
    </ClInclude>
    <ClInclude Include="Sourse\CAN\CanTask.h">
      <Filter>Файлы заголовков\CAN</Filter>
    </ClInclude>
    <ClInclude Include="Sourse\MyQueue.h">
      <Filter>Файлы заголовков\CAN</Filter>
    </ClInclude>
  </ItemGroup>
</Project>